
Microsoft Visual Studio Solution File, Format Version 12.00
# Visual Studio Version 16
VisualStudioVersion = 16.0.31105.61
MinimumVisualStudioVersion = 10.0.40219.1
Project("{FAE04EC0-301F-11D3-BF4B-00C04F79EFBC}") = "academiaacme", "academiaacme\academiaacme.csproj", "{A0A516B0-8D89-45E6-8876-00A3F6A7B903}"
EndProject
Global
	GlobalSection(SolutionConfigurationPlatforms) = preSolution
		Debug|Any CPU = Debug|Any CPU
		Release|Any CPU = Release|Any CPU
	EndGlobalSection
	GlobalSection(ProjectConfigurationPlatforms) = postSolution
		{A0A516B0-8D89-45E6-8876-00A3F6A7B903}.Debug|Any CPU.ActiveCfg = Debug|Any CPU
		{A0A516B0-8D89-45E6-8876-00A3F6A7B903}.Debug|Any CPU.Build.0 = Debug|Any CPU
		{A0A516B0-8D89-45E6-8876-00A3F6A7B903}.Release|Any CPU.ActiveCfg = Release|Any CPU
		{A0A516B0-8D89-45E6-8876-00A3F6A7B903}.Release|Any CPU.Build.0 = Release|Any CPU
	EndGlobalSection
	GlobalSection(SolutionProperties) = preSolution
		HideSolutionNode = FALSE
	EndGlobalSection
	GlobalSection(ExtensibilityGlobals) = postSolution
		SolutionGuid = {F84D0B48-EE0B-4CC6-A8ED-2F281C570D79}
	EndGlobalSection
EndGlobal
